
Microsoft Visual Studio Solution File, Format Version 11.00
# Visual C# Express 2010
Project("{FAE04EC0-301F-11D3-BF4B-00C04F79EFBC}") = "Exception_handling", "Exception_handling\Exception_handling.csproj", "{F5B561C6-66E3-463D-84E0-89AF1F72D051}"
EndProject
Global
	GlobalSection(SolutionConfigurationPlatforms) = preSolution
		Debug|x86 = Debug|x86
		Release|x86 = Release|x86
	EndGlobalSection
	GlobalSection(ProjectConfigurationPlatforms) = postSolution
		{F5B561C6-66E3-463D-84E0-89AF1F72D051}.Debug|x86.ActiveCfg = Debug|x86
		{F5B561C6-66E3-463D-84E0-89AF1F72D051}.Debug|x86.Build.0 = Debug|x86
		{F5B561C6-66E3-463D-84E0-89AF1F72D051}.Release|x86.ActiveCfg = Release|x86
		{F5B561C6-66E3-463D-84E0-89AF1F72D051}.Release|x86.Build.0 = Release|x86
	EndGlobalSection
	GlobalSection(SolutionProperties) = preSolution
		HideSolutionNode = FALSE
	EndGlobalSection
EndGlobal
