
Microsoft Visual Studio Solution File, Format Version 11.00
# Visual C# Express 2010
Project("{FAE04EC0-301F-11D3-BF4B-00C04F79EFBC}") = "Interfaces1", "Interfaces1\Interfaces1.csproj", "{FA1F741F-2A94-4E85-9887-5BD1F7E74C82}"
EndProject
Global
	GlobalSection(SolutionConfigurationPlatforms) = preSolution
		Debug|x86 = Debug|x86
		Release|x86 = Release|x86
	EndGlobalSection
	GlobalSection(ProjectConfigurationPlatforms) = postSolution
		{FA1F741F-2A94-4E85-9887-5BD1F7E74C82}.Debug|x86.ActiveCfg = Debug|x86
		{FA1F741F-2A94-4E85-9887-5BD1F7E74C82}.Debug|x86.Build.0 = Debug|x86
		{FA1F741F-2A94-4E85-9887-5BD1F7E74C82}.Release|x86.ActiveCfg = Release|x86
		{FA1F741F-2A94-4E85-9887-5BD1F7E74C82}.Release|x86.Build.0 = Release|x86
	EndGlobalSection
	GlobalSection(SolutionProperties) = preSolution
		HideSolutionNode = FALSE
	EndGlobalSection
EndGlobal
